
Microsoft Visual Studio Solution File, Format Version 12.00
# Visual Studio Version 16
VisualStudioVersion = 16.0.29409.12
MinimumVisualStudioVersion = 10.0.40219.1
Project("{FAE04EC0-301F-11D3-BF4B-00C04F79EFBC}") = "GenericsMyList", "GenericsMyList\GenericsMyList.csproj", "{A04EF2A2-27B6-4C0C-85B4-C3BEAA53905A}"
EndProject
Project("{FAE04EC0-301F-11D3-BF4B-00C04F79EFBC}") = "GenericMyListTest", "GenericMyListTest\GenericMyListTest.csproj", "{00FB56BB-C4DF-4DE1-8C2D-066EFF90A011}"
EndProject
Global
	GlobalSection(SolutionConfigurationPlatforms) = preSolution
		Debug|Any CPU = Debug|Any CPU
		Release|Any CPU = Release|Any CPU
	EndGlobalSection
	GlobalSection(ProjectConfigurationPlatforms) = postSolution
		{A04EF2A2-27B6-4C0C-85B4-C3BEAA53905A}.Debug|Any CPU.ActiveCfg = Debug|Any CPU
		{A04EF2A2-27B6-4C0C-85B4-C3BEAA53905A}.Debug|Any CPU.Build.0 = Debug|Any CPU
		{A04EF2A2-27B6-4C0C-85B4-C3BEAA53905A}.Release|Any CPU.ActiveCfg = Release|Any CPU
		{A04EF2A2-27B6-4C0C-85B4-C3BEAA53905A}.Release|Any CPU.Build.0 = Release|Any CPU
		{00FB56BB-C4DF-4DE1-8C2D-066EFF90A011}.Debug|Any CPU.ActiveCfg = Debug|Any CPU
		{00FB56BB-C4DF-4DE1-8C2D-066EFF90A011}.Debug|Any CPU.Build.0 = Debug|Any CPU
		{00FB56BB-C4DF-4DE1-8C2D-066EFF90A011}.Release|Any CPU.ActiveCfg = Release|Any CPU
		{00FB56BB-C4DF-4DE1-8C2D-066EFF90A011}.Release|Any CPU.Build.0 = Release|Any CPU
	EndGlobalSection
	GlobalSection(SolutionProperties) = preSolution
		HideSolutionNode = FALSE
	EndGlobalSection
	GlobalSection(ExtensibilityGlobals) = postSolution
		SolutionGuid = {C2D45F3A-CB8C-4D10-B6CB-EDC3C2050384}
	EndGlobalSection
EndGlobal
