
Microsoft Visual Studio Solution File, Format Version 12.00
# Visual Studio Version 16
VisualStudioVersion = 16.0.29409.12
MinimumVisualStudioVersion = 10.0.40219.1
Project("{FAE04EC0-301F-11D3-BF4B-00C04F79EFBC}") = "EventCarImitation", "EventCarImitation\EventCarImitation.csproj", "{670DD6F3-E41D-40A9-82E4-D32F3966898A}"
EndProject
Project("{FAE04EC0-301F-11D3-BF4B-00C04F79EFBC}") = "EventCarImitationTests", "EventCarImitationTests\EventCarImitationTests.csproj", "{183C957C-60BD-4D58-9BD1-0B922F80BBFA}"
EndProject
Global
	GlobalSection(SolutionConfigurationPlatforms) = preSolution
		Debug|Any CPU = Debug|Any CPU
		Release|Any CPU = Release|Any CPU
	EndGlobalSection
	GlobalSection(ProjectConfigurationPlatforms) = postSolution
		{670DD6F3-E41D-40A9-82E4-D32F3966898A}.Debug|Any CPU.ActiveCfg = Debug|Any CPU
		{670DD6F3-E41D-40A9-82E4-D32F3966898A}.Debug|Any CPU.Build.0 = Debug|Any CPU
		{670DD6F3-E41D-40A9-82E4-D32F3966898A}.Release|Any CPU.ActiveCfg = Release|Any CPU
		{670DD6F3-E41D-40A9-82E4-D32F3966898A}.Release|Any CPU.Build.0 = Release|Any CPU
		{183C957C-60BD-4D58-9BD1-0B922F80BBFA}.Debug|Any CPU.ActiveCfg = Debug|Any CPU
		{183C957C-60BD-4D58-9BD1-0B922F80BBFA}.Debug|Any CPU.Build.0 = Debug|Any CPU
		{183C957C-60BD-4D58-9BD1-0B922F80BBFA}.Release|Any CPU.ActiveCfg = Release|Any CPU
		{183C957C-60BD-4D58-9BD1-0B922F80BBFA}.Release|Any CPU.Build.0 = Release|Any CPU
	EndGlobalSection
	GlobalSection(SolutionProperties) = preSolution
		HideSolutionNode = FALSE
	EndGlobalSection
	GlobalSection(ExtensibilityGlobals) = postSolution
		SolutionGuid = {998383E9-D5DF-4D8A-AD9A-795174694238}
	EndGlobalSection
EndGlobal
