
Microsoft Visual Studio Solution File, Format Version 12.00
# Visual Studio 15
VisualStudioVersion = 15.0.28307.902
MinimumVisualStudioVersion = 10.0.40219.1
Project("{FAE04EC0-301F-11D3-BF4B-00C04F79EFBC}") = "IsolatedStorage", "IsolatedStorage\IsolatedStorage.csproj", "{1EB0686D-D2A8-4513-B0E5-5CB7F75522DA}"
EndProject
Global
	GlobalSection(SolutionConfigurationPlatforms) = preSolution
		Debug|Any CPU = Debug|Any CPU
		Release|Any CPU = Release|Any CPU
	EndGlobalSection
	GlobalSection(ProjectConfigurationPlatforms) = postSolution
		{1EB0686D-D2A8-4513-B0E5-5CB7F75522DA}.Debug|Any CPU.ActiveCfg = Debug|Any CPU
		{1EB0686D-D2A8-4513-B0E5-5CB7F75522DA}.Debug|Any CPU.Build.0 = Debug|Any CPU
		{1EB0686D-D2A8-4513-B0E5-5CB7F75522DA}.Release|Any CPU.ActiveCfg = Release|Any CPU
		{1EB0686D-D2A8-4513-B0E5-5CB7F75522DA}.Release|Any CPU.Build.0 = Release|Any CPU
	EndGlobalSection
	GlobalSection(SolutionProperties) = preSolution
		HideSolutionNode = FALSE
	EndGlobalSection
	GlobalSection(ExtensibilityGlobals) = postSolution
		SolutionGuid = {6A3DA6E8-8F05-4489-BAA9-4844A0090A6D}
	EndGlobalSection
EndGlobal
