
Microsoft Visual Studio Solution File, Format Version 12.00
# Visual Studio Version 16
VisualStudioVersion = 16.0.29409.12
MinimumVisualStudioVersion = 10.0.40219.1
Project("{FAE04EC0-301F-11D3-BF4B-00C04F79EFBC}") = "CarCollectionApplication", "CarCollectionApplication\CarCollectionApplication.csproj", "{41EE5FE0-B08C-4C72-A4D0-DD0D020A047E}"
EndProject
Project("{FAE04EC0-301F-11D3-BF4B-00C04F79EFBC}") = "CarCollectionApplicationTests", "CarCollectionApplicationTests\CarCollectionApplicationTests.csproj", "{986A76FD-5C8B-44B0-803A-EFA5221772C3}"
EndProject
Global
	GlobalSection(SolutionConfigurationPlatforms) = preSolution
		Debug|Any CPU = Debug|Any CPU
		Release|Any CPU = Release|Any CPU
	EndGlobalSection
	GlobalSection(ProjectConfigurationPlatforms) = postSolution
		{41EE5FE0-B08C-4C72-A4D0-DD0D020A047E}.Debug|Any CPU.ActiveCfg = Debug|Any CPU
		{41EE5FE0-B08C-4C72-A4D0-DD0D020A047E}.Debug|Any CPU.Build.0 = Debug|Any CPU
		{41EE5FE0-B08C-4C72-A4D0-DD0D020A047E}.Release|Any CPU.ActiveCfg = Release|Any CPU
		{41EE5FE0-B08C-4C72-A4D0-DD0D020A047E}.Release|Any CPU.Build.0 = Release|Any CPU
		{986A76FD-5C8B-44B0-803A-EFA5221772C3}.Debug|Any CPU.ActiveCfg = Debug|Any CPU
		{986A76FD-5C8B-44B0-803A-EFA5221772C3}.Debug|Any CPU.Build.0 = Debug|Any CPU
		{986A76FD-5C8B-44B0-803A-EFA5221772C3}.Release|Any CPU.ActiveCfg = Release|Any CPU
		{986A76FD-5C8B-44B0-803A-EFA5221772C3}.Release|Any CPU.Build.0 = Release|Any CPU
	EndGlobalSection
	GlobalSection(SolutionProperties) = preSolution
		HideSolutionNode = FALSE
	EndGlobalSection
	GlobalSection(ExtensibilityGlobals) = postSolution
		SolutionGuid = {AB983487-BD36-4BE0-997F-05C385A3337D}
	EndGlobalSection
EndGlobal
