
Microsoft Visual Studio Solution File, Format Version 12.00
# Visual Studio 15
VisualStudioVersion = 15.0.28307.902
MinimumVisualStudioVersion = 10.0.40219.1
Project("{FAE04EC0-301F-11D3-BF4B-00C04F79EFBC}") = "EqualsBlock", "EqualsBlock\EqualsBlock.csproj", "{0C14CFA0-9241-4B0E-8054-7A74B7FD398B}"
EndProject
Global
	GlobalSection(SolutionConfigurationPlatforms) = preSolution
		Debug|Any CPU = Debug|Any CPU
		Release|Any CPU = Release|Any CPU
	EndGlobalSection
	GlobalSection(ProjectConfigurationPlatforms) = postSolution
		{0C14CFA0-9241-4B0E-8054-7A74B7FD398B}.Debug|Any CPU.ActiveCfg = Debug|Any CPU
		{0C14CFA0-9241-4B0E-8054-7A74B7FD398B}.Debug|Any CPU.Build.0 = Debug|Any CPU
		{0C14CFA0-9241-4B0E-8054-7A74B7FD398B}.Release|Any CPU.ActiveCfg = Release|Any CPU
		{0C14CFA0-9241-4B0E-8054-7A74B7FD398B}.Release|Any CPU.Build.0 = Release|Any CPU
	EndGlobalSection
	GlobalSection(SolutionProperties) = preSolution
		HideSolutionNode = FALSE
	EndGlobalSection
	GlobalSection(ExtensibilityGlobals) = postSolution
		SolutionGuid = {F5C8F28C-6598-4A4C-8E23-E96BD5089D2C}
	EndGlobalSection
EndGlobal
